# THIS IS AN AUTOGENERATED FILE. DO NOT EDIT THIS FILE DIRECTLY.
# yarn lockfile v1


"@faker-js/faker@^9.6.0":
  version "9.6.0"
  resolved "https://registry.yarnpkg.com/@faker-js/faker/-/faker-9.6.0.tgz#64235d20330b142eef3d1d1638ba56c083b4bf1d"
  integrity sha512-3vm4by+B5lvsFPSyep3ELWmZfE3kicDtmemVpuwl1yH7tqtnHdsA6hG8fbXedMVdkzgtvzWoRgjSB4Q+FHnZiw==
